{
  "requires": true,
  "lockfileVersion": 1,
  "dependencies": {
    "@splidejs/splide": {
      "version": "4.0.1",
      "resolved": "https://registry.npmjs.org/@splidejs/splide/-/splide-4.0.1.tgz",
      "integrity": "sha512-fgiYX5xLwOFluKKiq9hde9V1tU6wFoTzznX4fOvok95GjEKq9WvkkKBS3/WCuMDn7LXvg/Qpo3Eq0m9QQEr8tA=="
    }
  }
}
